{
  "name": "commitver",
  "version": "1.0.3",
  "lockfileVersion": 3,
  "requires": true,
  "packages": {
    "": {
      "name": "commitver",
      "version": "1.0.3",
      "hasInstallScript": true,
      "license": "MIT",
      "bin": {
        "commitver": "src/prepend_version.cjs"
      },
      "engines": {
        "node": ">=12.0.0"
      }
    }
  }
}
